
Microsoft Visual Studio Solution File, Format Version 12.00
# Visual Studio Version 16
VisualStudioVersion = 16.0.29806.167
MinimumVisualStudioVersion = 10.0.40219.1
Project("{FAE04EC0-301F-11D3-BF4B-00C04F79EFBC}") = "WindowsFormsApp2", "WindowsFormsApp2.csproj", "{6D1D6F3E-2EF5-48DB-A80E-3077E84BB10B}"
EndProject
Global
	GlobalSection(SolutionConfigurationPlatforms) = preSolution
		Debug|Any CPU = Debug|Any CPU
		Release|Any CPU = Release|Any CPU
	EndGlobalSection
	GlobalSection(ProjectConfigurationPlatforms) = postSolution
		{6D1D6F3E-2EF5-48DB-A80E-3077E84BB10B}.Debug|Any CPU.ActiveCfg = Debug|Any CPU
		{6D1D6F3E-2EF5-48DB-A80E-3077E84BB10B}.Debug|Any CPU.Build.0 = Debug|Any CPU
		{6D1D6F3E-2EF5-48DB-A80E-3077E84BB10B}.Release|Any CPU.ActiveCfg = Release|Any CPU
		{6D1D6F3E-2EF5-48DB-A80E-3077E84BB10B}.Release|Any CPU.Build.0 = Release|Any CPU
	EndGlobalSection
	GlobalSection(SolutionProperties) = preSolution
		HideSolutionNode = FALSE
	EndGlobalSection
	GlobalSection(ExtensibilityGlobals) = postSolution
		SolutionGuid = {9E662507-2EDF-4861-BB8B-995EBEC171E7}
	EndGlobalSection
EndGlobal
